
Microsoft Visual Studio Solution File, Format Version 12.00
# Visual Studio Version 16
VisualStudioVersion = 16.0.30907.101
MinimumVisualStudioVersion = 10.0.40219.1
Project("{9A19103F-16F7-4668-BE54-9A1E7A4F7556}") = "TODO", "TODO\TODO.csproj", "{30D37D0A-35FD-402C-8CC6-97CF3FE845C1}"
EndProject
Project("{9A19103F-16F7-4668-BE54-9A1E7A4F7556}") = "ToDo.BLL", "ToDo.BLL\ToDo.BLL.csproj", "{99CA7AFD-48A0-4618-98FE-81B810C7A77D}"
EndProject
Project("{9A19103F-16F7-4668-BE54-9A1E7A4F7556}") = "ToDo.Contracts", "ToDo.Contracts\ToDo.Contracts.csproj", "{679F1F3F-425E-41A4-B21C-B32CD6FFF7B8}"
EndProject
Project("{9A19103F-16F7-4668-BE54-9A1E7A4F7556}") = "ToDo.BusinessObjects", "ToDo.BusinessObjects\ToDo.BusinessObjects.csproj", "{E1874A73-CC5F-40C7-A17E-F74FFC2D2BB1}"
EndProject
Project("{9A19103F-16F7-4668-BE54-9A1E7A4F7556}") = "ToDo.Core", "ToDo.Core\ToDo.Core.csproj", "{CE5A4770-0F70-46AE-BEA2-34C10AFF99CF}"
EndProject
Project("{FAE04EC0-301F-11D3-BF4B-00C04F79EFBC}") = "ToDo.BLL.Tests", "ToDo.BLL.Tests\ToDo.BLL.Tests.csproj", "{97C6028D-03D2-4FED-A728-E5E91464B1CB}"
EndProject
Global
	GlobalSection(SolutionConfigurationPlatforms) = preSolution
		Debug|Any CPU = Debug|Any CPU
		Release|Any CPU = Release|Any CPU
	EndGlobalSection
	GlobalSection(ProjectConfigurationPlatforms) = postSolution
		{30D37D0A-35FD-402C-8CC6-97CF3FE845C1}.Debug|Any CPU.ActiveCfg = Debug|Any CPU
		{30D37D0A-35FD-402C-8CC6-97CF3FE845C1}.Debug|Any CPU.Build.0 = Debug|Any CPU
		{30D37D0A-35FD-402C-8CC6-97CF3FE845C1}.Release|Any CPU.ActiveCfg = Release|Any CPU
		{30D37D0A-35FD-402C-8CC6-97CF3FE845C1}.Release|Any CPU.Build.0 = Release|Any CPU
		{99CA7AFD-48A0-4618-98FE-81B810C7A77D}.Debug|Any CPU.ActiveCfg = Debug|Any CPU
		{99CA7AFD-48A0-4618-98FE-81B810C7A77D}.Debug|Any CPU.Build.0 = Debug|Any CPU
		{99CA7AFD-48A0-4618-98FE-81B810C7A77D}.Release|Any CPU.ActiveCfg = Release|Any CPU
		{99CA7AFD-48A0-4618-98FE-81B810C7A77D}.Release|Any CPU.Build.0 = Release|Any CPU
		{679F1F3F-425E-41A4-B21C-B32CD6FFF7B8}.Debug|Any CPU.ActiveCfg = Debug|Any CPU
		{679F1F3F-425E-41A4-B21C-B32CD6FFF7B8}.Debug|Any CPU.Build.0 = Debug|Any CPU
		{679F1F3F-425E-41A4-B21C-B32CD6FFF7B8}.Release|Any CPU.ActiveCfg = Release|Any CPU
		{679F1F3F-425E-41A4-B21C-B32CD6FFF7B8}.Release|Any CPU.Build.0 = Release|Any CPU
		{E1874A73-CC5F-40C7-A17E-F74FFC2D2BB1}.Debug|Any CPU.ActiveCfg = Debug|Any CPU
		{E1874A73-CC5F-40C7-A17E-F74FFC2D2BB1}.Debug|Any CPU.Build.0 = Debug|Any CPU
		{E1874A73-CC5F-40C7-A17E-F74FFC2D2BB1}.Release|Any CPU.ActiveCfg = Release|Any CPU
		{E1874A73-CC5F-40C7-A17E-F74FFC2D2BB1}.Release|Any CPU.Build.0 = Release|Any CPU
		{CE5A4770-0F70-46AE-BEA2-34C10AFF99CF}.Debug|Any CPU.ActiveCfg = Debug|Any CPU
		{CE5A4770-0F70-46AE-BEA2-34C10AFF99CF}.Debug|Any CPU.Build.0 = Debug|Any CPU
		{CE5A4770-0F70-46AE-BEA2-34C10AFF99CF}.Release|Any CPU.ActiveCfg = Release|Any CPU
		{CE5A4770-0F70-46AE-BEA2-34C10AFF99CF}.Release|Any CPU.Build.0 = Release|Any CPU
		{97C6028D-03D2-4FED-A728-E5E91464B1CB}.Debug|Any CPU.ActiveCfg = Debug|Any CPU
		{97C6028D-03D2-4FED-A728-E5E91464B1CB}.Debug|Any CPU.Build.0 = Debug|Any CPU
		{97C6028D-03D2-4FED-A728-E5E91464B1CB}.Release|Any CPU.ActiveCfg = Release|Any CPU
		{97C6028D-03D2-4FED-A728-E5E91464B1CB}.Release|Any CPU.Build.0 = Release|Any CPU
	EndGlobalSection
	GlobalSection(SolutionProperties) = preSolution
		HideSolutionNode = FALSE
	EndGlobalSection
	GlobalSection(ExtensibilityGlobals) = postSolution
		SolutionGuid = {0C6CA0B3-0308-43B8-B62B-1468B48F36FB}
	EndGlobalSection
EndGlobal
